
Microsoft Visual Studio Solution File, Format Version 12.00
# Visual Studio 15
VisualStudioVersion = 15.0.28307.645
MinimumVisualStudioVersion = 10.0.40219.1
Project("{2150E333-8FDC-42A3-9474-1A3956D46DE8}") = "Presentation", "Presentation", "{27AB87AE-6FAF-474D-AFE1-7B54B6CE74B7}"
EndProject
Project("{2150E333-8FDC-42A3-9474-1A3956D46DE8}") = "BusinessLogic", "BusinessLogic", "{63B164F8-3A7A-4A79-B5E7-0672D9E82721}"
EndProject
Project("{2150E333-8FDC-42A3-9474-1A3956D46DE8}") = "DataLayer", "DataLayer", "{498D5E8E-8848-4C3F-92D4-52ED0D6E2CA9}"
EndProject
Project("{9A19103F-16F7-4668-BE54-9A1E7A4F7556}") = "Moventure.DataLayer", "Moventure.DataLayer\Moventure.DataLayer.csproj", "{C0B44315-D1C5-407C-8FE6-F6C32BAEE6C1}"
EndProject
Project("{9A19103F-16F7-4668-BE54-9A1E7A4F7556}") = "Moventure.BusinessLogic", "Moventure.BusinessLogic\Moventure.BusinessLogic.csproj", "{9E08E868-66D8-4C30-9D52-D9197E4465B0}"
EndProject
Project("{9A19103F-16F7-4668-BE54-9A1E7A4F7556}") = "Moventure.WebAPI", "Moventure.WebAPI\Moventure.WebAPI.csproj", "{8BB3DDFD-1F61-438D-9E21-DB2CBDA6F4D8}"
EndProject
Project("{9A19103F-16F7-4668-BE54-9A1E7A4F7556}") = "Deventure.Common", "Deventure.Common\Deventure.Common.csproj", "{4DDB1268-7352-4F01-8411-1A5351BA6C0C}"
EndProject
Project("{9A19103F-16F7-4668-BE54-9A1E7A4F7556}") = "Moventure.Models", "Moventure.Models\Moventure.Models.csproj", "{F58F2DD7-A9A9-41B3-B160-FB28DD7823E0}"
EndProject
Global
	GlobalSection(SolutionConfigurationPlatforms) = preSolution
		Debug|Any CPU = Debug|Any CPU
		Release|Any CPU = Release|Any CPU
	EndGlobalSection
	GlobalSection(ProjectConfigurationPlatforms) = postSolution
		{C0B44315-D1C5-407C-8FE6-F6C32BAEE6C1}.Debug|Any CPU.ActiveCfg = Debug|Any CPU
		{C0B44315-D1C5-407C-8FE6-F6C32BAEE6C1}.Debug|Any CPU.Build.0 = Debug|Any CPU
		{C0B44315-D1C5-407C-8FE6-F6C32BAEE6C1}.Release|Any CPU.ActiveCfg = Release|Any CPU
		{C0B44315-D1C5-407C-8FE6-F6C32BAEE6C1}.Release|Any CPU.Build.0 = Release|Any CPU
		{9E08E868-66D8-4C30-9D52-D9197E4465B0}.Debug|Any CPU.ActiveCfg = Debug|Any CPU
		{9E08E868-66D8-4C30-9D52-D9197E4465B0}.Debug|Any CPU.Build.0 = Debug|Any CPU
		{9E08E868-66D8-4C30-9D52-D9197E4465B0}.Release|Any CPU.ActiveCfg = Release|Any CPU
		{9E08E868-66D8-4C30-9D52-D9197E4465B0}.Release|Any CPU.Build.0 = Release|Any CPU
		{8BB3DDFD-1F61-438D-9E21-DB2CBDA6F4D8}.Debug|Any CPU.ActiveCfg = Debug|Any CPU
		{8BB3DDFD-1F61-438D-9E21-DB2CBDA6F4D8}.Debug|Any CPU.Build.0 = Debug|Any CPU
		{8BB3DDFD-1F61-438D-9E21-DB2CBDA6F4D8}.Release|Any CPU.ActiveCfg = Release|Any CPU
		{8BB3DDFD-1F61-438D-9E21-DB2CBDA6F4D8}.Release|Any CPU.Build.0 = Release|Any CPU
		{4DDB1268-7352-4F01-8411-1A5351BA6C0C}.Debug|Any CPU.ActiveCfg = Debug|Any CPU
		{4DDB1268-7352-4F01-8411-1A5351BA6C0C}.Debug|Any CPU.Build.0 = Debug|Any CPU
		{4DDB1268-7352-4F01-8411-1A5351BA6C0C}.Release|Any CPU.ActiveCfg = Release|Any CPU
		{4DDB1268-7352-4F01-8411-1A5351BA6C0C}.Release|Any CPU.Build.0 = Release|Any CPU
		{F58F2DD7-A9A9-41B3-B160-FB28DD7823E0}.Debug|Any CPU.ActiveCfg = Debug|Any CPU
		{F58F2DD7-A9A9-41B3-B160-FB28DD7823E0}.Debug|Any CPU.Build.0 = Debug|Any CPU
		{F58F2DD7-A9A9-41B3-B160-FB28DD7823E0}.Release|Any CPU.ActiveCfg = Release|Any CPU
		{F58F2DD7-A9A9-41B3-B160-FB28DD7823E0}.Release|Any CPU.Build.0 = Release|Any CPU
	EndGlobalSection
	GlobalSection(SolutionProperties) = preSolution
		HideSolutionNode = FALSE
	EndGlobalSection
	GlobalSection(NestedProjects) = preSolution
		{C0B44315-D1C5-407C-8FE6-F6C32BAEE6C1} = {498D5E8E-8848-4C3F-92D4-52ED0D6E2CA9}
		{9E08E868-66D8-4C30-9D52-D9197E4465B0} = {63B164F8-3A7A-4A79-B5E7-0672D9E82721}
		{8BB3DDFD-1F61-438D-9E21-DB2CBDA6F4D8} = {27AB87AE-6FAF-474D-AFE1-7B54B6CE74B7}
		{4DDB1268-7352-4F01-8411-1A5351BA6C0C} = {63B164F8-3A7A-4A79-B5E7-0672D9E82721}
		{F58F2DD7-A9A9-41B3-B160-FB28DD7823E0} = {63B164F8-3A7A-4A79-B5E7-0672D9E82721}
	EndGlobalSection
	GlobalSection(ExtensibilityGlobals) = postSolution
		SolutionGuid = {2421C79D-DE6B-4442-95CE-D9B11B7B7DA9}
	EndGlobalSection
EndGlobal
